
Microsoft Visual Studio Solution File, Format Version 12.00
# Visual Studio 2013
Project("{FAE04EC0-301F-11D3-BF4B-00C04F79EFBC}") = "UnityVS.BoxRunner.CSharp", "UnityVS.BoxRunner.CSharp.csproj", "{0C7351E0-8499-91A6-D69E-74D32216EB14}"
EndProject
Project("{FAE04EC0-301F-11D3-BF4B-00C04F79EFBC}") = "UnityVS.BoxRunner.CSharp.Editor", "UnityVS.BoxRunner.CSharp.Editor.csproj", "{C61FE7FE-3DAF-D23D-AFCC-CFCD310406F9}"
EndProject
Global
	GlobalSection(SolutionConfigurationPlatforms) = preSolution
		Debug|Any CPU = Debug|Any CPU
		Release|Any CPU = Release|Any CPU
	EndGlobalSection
	GlobalSection(ProjectConfigurationPlatforms) = postSolution
		{0C7351E0-8499-91A6-D69E-74D32216EB14}.Debug|Any CPU.ActiveCfg = Debug|Any CPU
		{0C7351E0-8499-91A6-D69E-74D32216EB14}.Debug|Any CPU.Build.0 = Debug|Any CPU
		{0C7351E0-8499-91A6-D69E-74D32216EB14}.Release|Any CPU.ActiveCfg = Release|Any CPU
		{0C7351E0-8499-91A6-D69E-74D32216EB14}.Release|Any CPU.Build.0 = Release|Any CPU
		{C61FE7FE-3DAF-D23D-AFCC-CFCD310406F9}.Debug|Any CPU.ActiveCfg = Debug|Any CPU
		{C61FE7FE-3DAF-D23D-AFCC-CFCD310406F9}.Debug|Any CPU.Build.0 = Debug|Any CPU
		{C61FE7FE-3DAF-D23D-AFCC-CFCD310406F9}.Release|Any CPU.ActiveCfg = Release|Any CPU
		{C61FE7FE-3DAF-D23D-AFCC-CFCD310406F9}.Release|Any CPU.Build.0 = Release|Any CPU
	EndGlobalSection
	GlobalSection(SolutionProperties) = preSolution
		HideSolutionNode = FALSE
	EndGlobalSection
EndGlobal
